
Microsoft Visual Studio Solution File, Format Version 12.00
# Visual Studio Version 17
VisualStudioVersion = 17.9.34728.123
MinimumVisualStudioVersion = 10.0.40219.1
Project("{FAE04EC0-301F-11D3-BF4B-00C04F79EFBC}") = "AscendingSort", "AscendingSort\AscendingSort.csproj", "{D9763FDE-C27A-4214-9CAE-3FBEC4875940}"
EndProject
Global
	GlobalSection(SolutionConfigurationPlatforms) = preSolution
		Debug|Any CPU = Debug|Any CPU
		Release|Any CPU = Release|Any CPU
	EndGlobalSection
	GlobalSection(ProjectConfigurationPlatforms) = postSolution
		{D9763FDE-C27A-4214-9CAE-3FBEC4875940}.Debug|Any CPU.ActiveCfg = Debug|Any CPU
		{D9763FDE-C27A-4214-9CAE-3FBEC4875940}.Debug|Any CPU.Build.0 = Debug|Any CPU
		{D9763FDE-C27A-4214-9CAE-3FBEC4875940}.Release|Any CPU.ActiveCfg = Release|Any CPU
		{D9763FDE-C27A-4214-9CAE-3FBEC4875940}.Release|Any CPU.Build.0 = Release|Any CPU
	EndGlobalSection
	GlobalSection(SolutionProperties) = preSolution
		HideSolutionNode = FALSE
	EndGlobalSection
	GlobalSection(ExtensibilityGlobals) = postSolution
		SolutionGuid = {F1986623-7BE6-42B0-B6A1-68165399142A}
	EndGlobalSection
EndGlobal
